
Microsoft Visual Studio Solution File, Format Version 12.00
# Visual Studio 2012
Project("{FAE04EC0-301F-11D3-BF4B-00C04F79EFBC}") = "CustomerWebMgrPOC", "CustomerWebMgrPOC\CustomerWebMgrPOC.csproj", "{2267E1B1-5AD6-44D9-B1E1-ED2693E27BB6}"
EndProject
Project("{FAE04EC0-301F-11D3-BF4B-00C04F79EFBC}") = "CustomerWebMgrPOC.Tests", "CustomerWebMgrPOC.Tests\CustomerWebMgrPOC.Tests.csproj", "{11153F5E-0441-435A-A1CB-857A55213EBE}"
EndProject
Project("{FAE04EC0-301F-11D3-BF4B-00C04F79EFBC}") = "CustomerWebMgrPOC.Interfaces", "CustomerWebMgrPOC.Interfaces\CustomerWebMgrPOC.Interfaces.csproj", "{66E22618-912C-4C92-84D6-994D96A45480}"
EndProject
Project("{FAE04EC0-301F-11D3-BF4B-00C04F79EFBC}") = "CustomerWebMgrPOC.Enums", "CustomerWebMgrPOC.Enums\CustomerWebMgrPOC.Enums.csproj", "{2D2E4239-6DDC-47F0-AB8E-6E57CE65AD39}"
EndProject
Project("{FAE04EC0-301F-11D3-BF4B-00C04F79EFBC}") = "DataManagers", "DataManagers\DataManagers.csproj", "{63E509C7-53C5-4CD1-9E81-F58EC062AEDF}"
EndProject
Global
	GlobalSection(SolutionConfigurationPlatforms) = preSolution
		Debug|Any CPU = Debug|Any CPU
		Release|Any CPU = Release|Any CPU
	EndGlobalSection
	GlobalSection(ProjectConfigurationPlatforms) = postSolution
		{2267E1B1-5AD6-44D9-B1E1-ED2693E27BB6}.Debug|Any CPU.ActiveCfg = Debug|Any CPU
		{2267E1B1-5AD6-44D9-B1E1-ED2693E27BB6}.Debug|Any CPU.Build.0 = Debug|Any CPU
		{2267E1B1-5AD6-44D9-B1E1-ED2693E27BB6}.Release|Any CPU.ActiveCfg = Release|Any CPU
		{2267E1B1-5AD6-44D9-B1E1-ED2693E27BB6}.Release|Any CPU.Build.0 = Release|Any CPU
		{11153F5E-0441-435A-A1CB-857A55213EBE}.Debug|Any CPU.ActiveCfg = Debug|Any CPU
		{11153F5E-0441-435A-A1CB-857A55213EBE}.Debug|Any CPU.Build.0 = Debug|Any CPU
		{11153F5E-0441-435A-A1CB-857A55213EBE}.Release|Any CPU.ActiveCfg = Release|Any CPU
		{11153F5E-0441-435A-A1CB-857A55213EBE}.Release|Any CPU.Build.0 = Release|Any CPU
		{66E22618-912C-4C92-84D6-994D96A45480}.Debug|Any CPU.ActiveCfg = Debug|Any CPU
		{66E22618-912C-4C92-84D6-994D96A45480}.Debug|Any CPU.Build.0 = Debug|Any CPU
		{66E22618-912C-4C92-84D6-994D96A45480}.Release|Any CPU.ActiveCfg = Release|Any CPU
		{66E22618-912C-4C92-84D6-994D96A45480}.Release|Any CPU.Build.0 = Release|Any CPU
		{2D2E4239-6DDC-47F0-AB8E-6E57CE65AD39}.Debug|Any CPU.ActiveCfg = Debug|Any CPU
		{2D2E4239-6DDC-47F0-AB8E-6E57CE65AD39}.Debug|Any CPU.Build.0 = Debug|Any CPU
		{2D2E4239-6DDC-47F0-AB8E-6E57CE65AD39}.Release|Any CPU.ActiveCfg = Release|Any CPU
		{2D2E4239-6DDC-47F0-AB8E-6E57CE65AD39}.Release|Any CPU.Build.0 = Release|Any CPU
		{63E509C7-53C5-4CD1-9E81-F58EC062AEDF}.Debug|Any CPU.ActiveCfg = Debug|Any CPU
		{63E509C7-53C5-4CD1-9E81-F58EC062AEDF}.Debug|Any CPU.Build.0 = Debug|Any CPU
		{63E509C7-53C5-4CD1-9E81-F58EC062AEDF}.Release|Any CPU.ActiveCfg = Release|Any CPU
		{63E509C7-53C5-4CD1-9E81-F58EC062AEDF}.Release|Any CPU.Build.0 = Release|Any CPU
	EndGlobalSection
	GlobalSection(SolutionProperties) = preSolution
		HideSolutionNode = FALSE
	EndGlobalSection
EndGlobal
